
Microsoft Visual Studio Solution File, Format Version 12.00
# Visual Studio Version 17
VisualStudioVersion = 17.0.31903.59
MinimumVisualStudioVersion = 10.0.40219.1
Project("{2150E333-8FDC-42A3-9474-1A3956D46DE8}") = "src", "src", "{A1521F5E-180F-40D7-BF00-95FD87E02A86}"
EndProject
Project("{2150E333-8FDC-42A3-9474-1A3956D46DE8}") = "modules", "modules", "{405C6A98-0A71-4068-A79D-7C33212F8B19}"
EndProject
Project("{2150E333-8FDC-42A3-9474-1A3956D46DE8}") = "auth", "auth", "{B3D0B042-23EC-4433-A022-64B139EF82ED}"
EndProject
Project("{FAE04EC0-301F-11D3-BF4B-00C04F79EFBC}") = "Auth.Data", "src\modules\auth\Auth.Data\Auth.Data.csproj", "{2C7E9DCD-F1AA-47A2-9871-707503D6E593}"
EndProject
Project("{FAE04EC0-301F-11D3-BF4B-00C04F79EFBC}") = "Auth.Dtos", "src\modules\auth\Auth.Dtos\Auth.Dtos.csproj", "{DF6904C5-EB44-4DBF-BA28-0063E1867B97}"
EndProject
Project("{FAE04EC0-301F-11D3-BF4B-00C04F79EFBC}") = "Auth.Infrastructure", "src\modules\auth\Auth.Infrastructure\Auth.Infrastructure.csproj", "{A5210280-C874-4502-8965-4C6E4054554E}"
EndProject
Project("{FAE04EC0-301F-11D3-BF4B-00C04F79EFBC}") = "Auth.UseCases", "src\modules\auth\Auth.UseCases\Auth.UseCases.csproj", "{89D3A774-5A87-49E9-A84A-F6B0383EB54A}"
EndProject
Project("{2150E333-8FDC-42A3-9474-1A3956D46DE8}") = "test", "test", "{095602A5-CCB2-4CAB-AA2B-6CD57A102000}"
EndProject
Project("{FAE04EC0-301F-11D3-BF4B-00C04F79EFBC}") = "Auth.Tests", "src\modules\auth\test\Auth.Tests\Auth.Tests.csproj", "{ED612CC1-A6F5-4FC3-A830-908DA0744637}"
EndProject
Project("{FAE04EC0-301F-11D3-BF4B-00C04F79EFBC}") = "System.Api", "src\System.Api\System.Api.csproj", "{E5732072-5C7E-41A0-8D9B-0692E5E63CD4}"
EndProject
Project("{FAE04EC0-301F-11D3-BF4B-00C04F79EFBC}") = "Shared", "src\Shared\Shared.csproj", "{1D4483B1-A1F5-4EC5-8644-9BBF570B579D}"
EndProject
Project("{2150E333-8FDC-42A3-9474-1A3956D46DE8}") = "test", "test", "{0C88DD14-F956-CE84-757C-A364CCF449FC}"
EndProject
Project("{2150E333-8FDC-42A3-9474-1A3956D46DE8}") = "inventory", "inventory", "{5859FB66-AD74-4A2D-8282-54184C93A8E7}"
EndProject
Project("{FAE04EC0-301F-11D3-BF4B-00C04F79EFBC}") = "Inventory.Data", "src\modules\inventory\Inventory.Data\Inventory.Data.csproj", "{3C474DA5-A9C6-4290-B640-E696A6D33240}"
EndProject
Project("{FAE04EC0-301F-11D3-BF4B-00C04F79EFBC}") = "Inventory.Dtos", "src\modules\inventory\Inventory.Dtos\Inventory.Dtos.csproj", "{464FFDB1-1527-4B36-9BB9-6BF831E255B7}"
EndProject
Project("{FAE04EC0-301F-11D3-BF4B-00C04F79EFBC}") = "Inventory.Infrastructure", "src\modules\inventory\Inventory.Infrastructure\Inventory.Infrastructure.csproj", "{ACF9AE01-9F86-4F43-8FBA-B2BD2E5A2FA6}"
EndProject
Project("{FAE04EC0-301F-11D3-BF4B-00C04F79EFBC}") = "Inventory.UseCases", "src\modules\inventory\Inventory.UseCases\Inventory.UseCases.csproj", "{16800E2E-1BE4-43B1-A667-076599425654}"
EndProject
Project("{2150E333-8FDC-42A3-9474-1A3956D46DE8}") = "branches", "branches", "{929DE733-2EA0-46DB-B457-8692F7167A84}"
EndProject
Project("{FAE04EC0-301F-11D3-BF4B-00C04F79EFBC}") = "Branches.module", "src\modules\branches\Branches.module\Branches.module.csproj", "{9B346CB6-52AD-4BED-8225-53E1448A8B57}"
EndProject
Project("{FAE04EC0-301F-11D3-BF4B-00C04F79EFBC}") = "Branches.Contracts", "src\modules\branches\Branches.Contracts\Branches.Contracts.csproj", "{3C7C5765-4FC2-4D82-BE01-7872F306CBBA}"
EndProject
Global
	GlobalSection(SolutionConfigurationPlatforms) = preSolution
		Debug|Any CPU = Debug|Any CPU
		Release|Any CPU = Release|Any CPU
	EndGlobalSection
	GlobalSection(ProjectConfigurationPlatforms) = postSolution
		{2C7E9DCD-F1AA-47A2-9871-707503D6E593}.Debug|Any CPU.ActiveCfg = Debug|Any CPU
		{2C7E9DCD-F1AA-47A2-9871-707503D6E593}.Debug|Any CPU.Build.0 = Debug|Any CPU
		{2C7E9DCD-F1AA-47A2-9871-707503D6E593}.Release|Any CPU.ActiveCfg = Release|Any CPU
		{2C7E9DCD-F1AA-47A2-9871-707503D6E593}.Release|Any CPU.Build.0 = Release|Any CPU
		{DF6904C5-EB44-4DBF-BA28-0063E1867B97}.Debug|Any CPU.ActiveCfg = Debug|Any CPU
		{DF6904C5-EB44-4DBF-BA28-0063E1867B97}.Debug|Any CPU.Build.0 = Debug|Any CPU
		{DF6904C5-EB44-4DBF-BA28-0063E1867B97}.Release|Any CPU.ActiveCfg = Release|Any CPU
		{DF6904C5-EB44-4DBF-BA28-0063E1867B97}.Release|Any CPU.Build.0 = Release|Any CPU
		{A5210280-C874-4502-8965-4C6E4054554E}.Debug|Any CPU.ActiveCfg = Debug|Any CPU
		{A5210280-C874-4502-8965-4C6E4054554E}.Debug|Any CPU.Build.0 = Debug|Any CPU
		{A5210280-C874-4502-8965-4C6E4054554E}.Release|Any CPU.ActiveCfg = Release|Any CPU
		{A5210280-C874-4502-8965-4C6E4054554E}.Release|Any CPU.Build.0 = Release|Any CPU
		{89D3A774-5A87-49E9-A84A-F6B0383EB54A}.Debug|Any CPU.ActiveCfg = Debug|Any CPU
		{89D3A774-5A87-49E9-A84A-F6B0383EB54A}.Debug|Any CPU.Build.0 = Debug|Any CPU
		{89D3A774-5A87-49E9-A84A-F6B0383EB54A}.Release|Any CPU.ActiveCfg = Release|Any CPU
		{89D3A774-5A87-49E9-A84A-F6B0383EB54A}.Release|Any CPU.Build.0 = Release|Any CPU
		{ED612CC1-A6F5-4FC3-A830-908DA0744637}.Debug|Any CPU.ActiveCfg = Debug|Any CPU
		{ED612CC1-A6F5-4FC3-A830-908DA0744637}.Debug|Any CPU.Build.0 = Debug|Any CPU
		{ED612CC1-A6F5-4FC3-A830-908DA0744637}.Release|Any CPU.ActiveCfg = Release|Any CPU
		{ED612CC1-A6F5-4FC3-A830-908DA0744637}.Release|Any CPU.Build.0 = Release|Any CPU
		{E5732072-5C7E-41A0-8D9B-0692E5E63CD4}.Debug|Any CPU.ActiveCfg = Debug|Any CPU
		{E5732072-5C7E-41A0-8D9B-0692E5E63CD4}.Debug|Any CPU.Build.0 = Debug|Any CPU
		{E5732072-5C7E-41A0-8D9B-0692E5E63CD4}.Release|Any CPU.ActiveCfg = Release|Any CPU
		{E5732072-5C7E-41A0-8D9B-0692E5E63CD4}.Release|Any CPU.Build.0 = Release|Any CPU
		{1D4483B1-A1F5-4EC5-8644-9BBF570B579D}.Debug|Any CPU.ActiveCfg = Debug|Any CPU
		{1D4483B1-A1F5-4EC5-8644-9BBF570B579D}.Debug|Any CPU.Build.0 = Debug|Any CPU
		{1D4483B1-A1F5-4EC5-8644-9BBF570B579D}.Release|Any CPU.ActiveCfg = Release|Any CPU
		{1D4483B1-A1F5-4EC5-8644-9BBF570B579D}.Release|Any CPU.Build.0 = Release|Any CPU
		{3C474DA5-A9C6-4290-B640-E696A6D33240}.Debug|Any CPU.ActiveCfg = Debug|Any CPU
		{3C474DA5-A9C6-4290-B640-E696A6D33240}.Debug|Any CPU.Build.0 = Debug|Any CPU
		{3C474DA5-A9C6-4290-B640-E696A6D33240}.Release|Any CPU.ActiveCfg = Release|Any CPU
		{3C474DA5-A9C6-4290-B640-E696A6D33240}.Release|Any CPU.Build.0 = Release|Any CPU
		{464FFDB1-1527-4B36-9BB9-6BF831E255B7}.Debug|Any CPU.ActiveCfg = Debug|Any CPU
		{464FFDB1-1527-4B36-9BB9-6BF831E255B7}.Debug|Any CPU.Build.0 = Debug|Any CPU
		{464FFDB1-1527-4B36-9BB9-6BF831E255B7}.Release|Any CPU.ActiveCfg = Release|Any CPU
		{464FFDB1-1527-4B36-9BB9-6BF831E255B7}.Release|Any CPU.Build.0 = Release|Any CPU
		{ACF9AE01-9F86-4F43-8FBA-B2BD2E5A2FA6}.Debug|Any CPU.ActiveCfg = Debug|Any CPU
		{ACF9AE01-9F86-4F43-8FBA-B2BD2E5A2FA6}.Debug|Any CPU.Build.0 = Debug|Any CPU
		{ACF9AE01-9F86-4F43-8FBA-B2BD2E5A2FA6}.Release|Any CPU.ActiveCfg = Release|Any CPU
		{ACF9AE01-9F86-4F43-8FBA-B2BD2E5A2FA6}.Release|Any CPU.Build.0 = Release|Any CPU
		{16800E2E-1BE4-43B1-A667-076599425654}.Debug|Any CPU.ActiveCfg = Debug|Any CPU
		{16800E2E-1BE4-43B1-A667-076599425654}.Debug|Any CPU.Build.0 = Debug|Any CPU
		{16800E2E-1BE4-43B1-A667-076599425654}.Release|Any CPU.ActiveCfg = Release|Any CPU
		{16800E2E-1BE4-43B1-A667-076599425654}.Release|Any CPU.Build.0 = Release|Any CPU
		{9B346CB6-52AD-4BED-8225-53E1448A8B57}.Debug|Any CPU.ActiveCfg = Debug|Any CPU
		{9B346CB6-52AD-4BED-8225-53E1448A8B57}.Debug|Any CPU.Build.0 = Debug|Any CPU
		{9B346CB6-52AD-4BED-8225-53E1448A8B57}.Release|Any CPU.ActiveCfg = Release|Any CPU
		{9B346CB6-52AD-4BED-8225-53E1448A8B57}.Release|Any CPU.Build.0 = Release|Any CPU
		{3C7C5765-4FC2-4D82-BE01-7872F306CBBA}.Debug|Any CPU.ActiveCfg = Debug|Any CPU
		{3C7C5765-4FC2-4D82-BE01-7872F306CBBA}.Debug|Any CPU.Build.0 = Debug|Any CPU
		{3C7C5765-4FC2-4D82-BE01-7872F306CBBA}.Release|Any CPU.ActiveCfg = Release|Any CPU
		{3C7C5765-4FC2-4D82-BE01-7872F306CBBA}.Release|Any CPU.Build.0 = Release|Any CPU
	EndGlobalSection
	GlobalSection(SolutionProperties) = preSolution
		HideSolutionNode = FALSE
	EndGlobalSection
	GlobalSection(NestedProjects) = preSolution
		{405C6A98-0A71-4068-A79D-7C33212F8B19} = {A1521F5E-180F-40D7-BF00-95FD87E02A86}
		{B3D0B042-23EC-4433-A022-64B139EF82ED} = {405C6A98-0A71-4068-A79D-7C33212F8B19}
		{2C7E9DCD-F1AA-47A2-9871-707503D6E593} = {B3D0B042-23EC-4433-A022-64B139EF82ED}
		{DF6904C5-EB44-4DBF-BA28-0063E1867B97} = {B3D0B042-23EC-4433-A022-64B139EF82ED}
		{A5210280-C874-4502-8965-4C6E4054554E} = {B3D0B042-23EC-4433-A022-64B139EF82ED}
		{89D3A774-5A87-49E9-A84A-F6B0383EB54A} = {B3D0B042-23EC-4433-A022-64B139EF82ED}
		{095602A5-CCB2-4CAB-AA2B-6CD57A102000} = {B3D0B042-23EC-4433-A022-64B139EF82ED}
		{ED612CC1-A6F5-4FC3-A830-908DA0744637} = {095602A5-CCB2-4CAB-AA2B-6CD57A102000}
		{E5732072-5C7E-41A0-8D9B-0692E5E63CD4} = {A1521F5E-180F-40D7-BF00-95FD87E02A86}
		{1D4483B1-A1F5-4EC5-8644-9BBF570B579D} = {A1521F5E-180F-40D7-BF00-95FD87E02A86}
		{5859FB66-AD74-4A2D-8282-54184C93A8E7} = {405C6A98-0A71-4068-A79D-7C33212F8B19}
		{3C474DA5-A9C6-4290-B640-E696A6D33240} = {5859FB66-AD74-4A2D-8282-54184C93A8E7}
		{464FFDB1-1527-4B36-9BB9-6BF831E255B7} = {5859FB66-AD74-4A2D-8282-54184C93A8E7}
		{ACF9AE01-9F86-4F43-8FBA-B2BD2E5A2FA6} = {5859FB66-AD74-4A2D-8282-54184C93A8E7}
		{16800E2E-1BE4-43B1-A667-076599425654} = {5859FB66-AD74-4A2D-8282-54184C93A8E7}
		{9B346CB6-52AD-4BED-8225-53E1448A8B57} = {929DE733-2EA0-46DB-B457-8692F7167A84}
		{929DE733-2EA0-46DB-B457-8692F7167A84} = {405C6A98-0A71-4068-A79D-7C33212F8B19}
		{3C7C5765-4FC2-4D82-BE01-7872F306CBBA} = {929DE733-2EA0-46DB-B457-8692F7167A84}
	EndGlobalSection
EndGlobal
